// !$*UTF8*$!
{
	archiveVersion = 1;
	classes = {
	};
	objectVersion = 56;
	objects = {

/* Begin PBXBuildFile section */
		415EADC92B60C27B0065F4DB /* AppDelegate.swift in Sources */ = {isa = PBXBuildFile; fileRef = 415EADC82B60C27B0065F4DB /* AppDelegate.swift */; };
		415EADCB2B60C27B0065F4DB /* SceneDelegate.swift in Sources */ = {isa = PBXBuildFile; fileRef = 415EADCA2B60C27B0065F4DB /* SceneDelegate.swift */; };
		415EADD02B60C27B0065F4DB /* Main.storyboard in Resources */ = {isa = PBXBuildFile; fileRef = 415EADCE2B60C27B0065F4DB /* Main.storyboard */; };
		415EADD22B60C27F0065F4DB /* Assets.xcassets in Resources */ = {isa = PBXBuildFile; fileRef = 415EADD12B60C27F0065F4DB /* Assets.xcassets */; };
		415EADD52B60C27F0065F4DB /* LaunchScreen.storyboard in Resources */ = {isa = PBXBuildFile; fileRef = 415EADD32B60C27F0065F4DB /* LaunchScreen.storyboard */; };
		415EADDF2B60C5810065F4DB /* AddRegistrationTableViewController.swift in Sources */ = {isa = PBXBuildFile; fileRef = 415EADDE2B60C5810065F4DB /* AddRegistrationTableViewController.swift */; };
		415EADE12B60EBF50065F4DB /* RoomType.swift in Sources */ = {isa = PBXBuildFile; fileRef = 415EADE02B60EBF50065F4DB /* RoomType.swift */; };
		415EADE32B6100170065F4DB /* SelectRoomTypeTableViewController.swift in Sources */ = {isa = PBXBuildFile; fileRef = 415EADE22B6100170065F4DB /* SelectRoomTypeTableViewController.swift */; };
		415EADE52B6113670065F4DB /* RegistraionTableViewController.swift in Sources */ = {isa = PBXBuildFile; fileRef = 415EADE42B6113670065F4DB /* RegistraionTableViewController.swift */; };
		415EADE72B6114F30065F4DB /* Registration.swift in Sources */ = {isa = PBXBuildFile; fileRef = 415EADE62B6114F30065F4DB /* Registration.swift */; };
/* End PBXBuildFile section */

/* Begin PBXFileReference section */
		415EADC52B60C27B0065F4DB /* SRMHotel.app */ = {isa = PBXFileReference; explicitFileType = wrapper.application; includeInIndex = 0; path = SRMHotel.app; sourceTree = BUILT_PRODUCTS_DIR; };
		415EADC82B60C27B0065F4DB /* AppDelegate.swift */ = {isa = PBXFileReference; lastKnownFileType = sourcecode.swift; path = AppDelegate.swift; sourceTree = "<group>"; };
		415EADCA2B60C27B0065F4DB /* SceneDelegate.swift */ = {isa = PBXFileReference; lastKnownFileType = sourcecode.swift; path = SceneDelegate.swift; sourceTree = "<group>"; };
		415EADCF2B60C27B0065F4DB /* Base */ = {isa = PBXFileReference; lastKnownFileType = file.storyboard; name = Base; path = Base.lproj/Main.storyboard; sourceTree = "<group>"; };
		415EADD12B60C27F0065F4DB /* Assets.xcassets */ = {isa = PBXFileReference; lastKnownFileType = folder.assetcatalog; path = Assets.xcassets; sourceTree = "<group>"; };
		415EADD42B60C27F0065F4DB /* Base */ = {isa = PBXFileReference; lastKnownFileType = file.storyboard; name = Base; path = Base.lproj/LaunchScreen.storyboard; sourceTree = "<group>"; };
		415EADD62B60C27F0065F4DB /* Info.plist */ = {isa = PBXFileReference; lastKnownFileType = text.plist.xml; path = Info.plist; sourceTree = "<group>"; };
		415EADDE2B60C5810065F4DB /* AddRegistrationTableViewController.swift */ = {isa = PBXFileReference; lastKnownFileType = sourcecode.swift; path = AddRegistrationTableViewController.swift; sourceTree = "<group>"; };
		415EADE02B60EBF50065F4DB /* RoomType.swift */ = {isa = PBXFileReference; lastKnownFileType = sourcecode.swift; path = RoomType.swift; sourceTree = "<group>"; };
		415EADE22B6100170065F4DB /* SelectRoomTypeTableViewController.swift */ = {isa = PBXFileReference; lastKnownFileType = sourcecode.swift; path = SelectRoomTypeTableViewController.swift; sourceTree = "<group>"; };
		415EADE42B6113670065F4DB /* RegistraionTableViewController.swift */ = {isa = PBXFileReference; lastKnownFileType = sourcecode.swift; path = RegistraionTableViewController.swift; sourceTree = "<group>"; };
		415EADE62B6114F30065F4DB /* Registration.swift */ = {isa = PBXFileReference; lastKnownFileType = sourcecode.swift; path = Registration.swift; sourceTree = "<group>"; };
/* End PBXFileReference section */

/* Begin PBXFrameworksBuildPhase section */
		415EADC22B60C27B0065F4DB /* Frameworks */ = {
			isa = PBXFrameworksBuildPhase;
			buildActionMask = 2147483647;
			files = (
			);
			runOnlyForDeploymentPostprocessing = 0;
		};
/* End PBXFrameworksBuildPhase section */

/* Begin PBXGroup section */
		415EADBC2B60C27B0065F4DB = {
			isa = PBXGroup;
			children = (
				415EADC72B60C27B0065F4DB /* SRMHotel */,
				415EADC62B60C27B0065F4DB /* Products */,
			);
			sourceTree = "<group>";
		};
		415EADC62B60C27B0065F4DB /* Products */ = {
			isa = PBXGroup;
			children = (
				415EADC52B60C27B0065F4DB /* SRMHotel.app */,
			);
			name = Products;
			sourceTree = "<group>";
		};
		415EADC72B60C27B0065F4DB /* SRMHotel */ = {
			isa = PBXGroup;
			children = (
				415EADE02B60EBF50065F4DB /* RoomType.swift */,
				415EADC82B60C27B0065F4DB /* AppDelegate.swift */,
				415EADCA2B60C27B0065F4DB /* SceneDelegate.swift */,
				415EADCE2B60C27B0065F4DB /* Main.storyboard */,
				415EADE42B6113670065F4DB /* RegistraionTableViewController.swift */,
				415EADE22B6100170065F4DB /* SelectRoomTypeTableViewController.swift */,
				415EADDE2B60C5810065F4DB /* AddRegistrationTableViewController.swift */,
				415EADE62B6114F30065F4DB /* Registration.swift */,
				415EADD12B60C27F0065F4DB /* Assets.xcassets */,
				415EADD32B60C27F0065F4DB /* LaunchScreen.storyboard */,
				415EADD62B60C27F0065F4DB /* Info.plist */,
			);
			path = SRMHotel;
			sourceTree = "<group>";
		};
/* End PBXGroup section */

/* Begin PBXNativeTarget section */
		415EADC42B60C27B0065F4DB /* SRMHotel */ = {
			isa = PBXNativeTarget;
			buildConfigurationList = 415EADD92B60C27F0065F4DB /* Build configuration list for PBXNativeTarget "SRMHotel" */;
			buildPhases = (
				415EADC12B60C27B0065F4DB /* Sources */,
				415EADC22B60C27B0065F4DB /* Frameworks */,
				415EADC32B60C27B0065F4DB /* Resources */,
			);
			buildRules = (
			);
			dependencies = (
			);
			name = SRMHotel;
			productName = SRMHotel;
			productReference = 415EADC52B60C27B0065F4DB /* SRMHotel.app */;
			productType = "com.apple.product-type.application";
		};
/* End PBXNativeTarget section */

/* Begin PBXProject section */
		415EADBD2B60C27B0065F4DB /* Project object */ = {
			isa = PBXProject;
			attributes = {
				BuildIndependentTargetsInParallel = 1;
				LastSwiftUpdateCheck = 1520;
				LastUpgradeCheck = 1520;
				TargetAttributes = {
					415EADC42B60C27B0065F4DB = {
						CreatedOnToolsVersion = 15.2;
					};
				};
			};
			buildConfigurationList = 415EADC02B60C27B0065F4DB /* Build configuration list for PBXProject "SRMHotel" */;
			compatibilityVersion = "Xcode 14.0";
			developmentRegion = en;
			hasScannedForEncodings = 0;
			knownRegions = (
				en,
				Base,
			);
			mainGroup = 415EADBC2B60C27B0065F4DB;
			productRefGroup = 415EADC62B60C27B0065F4DB /* Products */;
			projectDirPath = "";
			projectRoot = "";
			targets = (
				415EADC42B60C27B0065F4DB /* SRMHotel */,
			);
		};
/* End PBXProject section */

/* Begin PBXResourcesBuildPhase section */
		415EADC32B60C27B0065F4DB /* Resources */ = {
			isa = PBXResourcesBuildPhase;
			buildActionMask = 2147483647;
			files = (
				415EADD52B60C27F0065F4DB /* LaunchScreen.storyboard in Resources */,
				415EADD22B60C27F0065F4DB /* Assets.xcassets in Resources */,
				415EADD02B60C27B0065F4DB /* Main.storyboard in Resources */,
			);
			runOnlyForDeploymentPostprocessing = 0;
		};
/* End PBXResourcesBuildPhase section */

/* Begin PBXSourcesBuildPhase section */
		415EADC12B60C27B0065F4DB /* Sources */ = {
			isa = PBXSourcesBuildPhase;
			buildActionMask = 2147483647;
			files = (
				415EADE12B60EBF50065F4DB /* RoomType.swift in Sources */,
				415EADE52B6113670065F4DB /* RegistraionTableViewController.swift in Sources */,
				415EADE72B6114F30065F4DB /* Registration.swift in Sources */,
				415EADDF2B60C5810065F4DB /* AddRegistrationTableViewController.swift in Sources */,
				415EADC92B60C27B0065F4DB /* AppDelegate.swift in Sources */,
				415EADCB2B60C27B0065F4DB /* SceneDelegate.swift in Sources */,
				415EADE32B6100170065F4DB /* SelectRoomTypeTableViewController.swift in Sources */,
			);
			runOnlyForDeploymentPostprocessing = 0;
		};
/* End PBXSourcesBuildPhase section */

/* Begin PBXVariantGroup section */
		415EADCE2B60C27B0065F4DB /* Main.storyboard */ = {
			isa = PBXVariantGroup;
			children = (
				415EADCF2B60C27B0065F4DB /* Base */,
			);
			name = Main.storyboard;
			sourceTree = "<group>";
		};
		415EADD32B60C27F0065F4DB /* LaunchScreen.storyboard */ = {
			isa = PBXVariantGroup;
			children = (
				415EADD42B60C27F0065F4DB /* Base */,
			);
			name = LaunchScreen.storyboard;
			sourceTree = "<group>";
		};
/* End PBXVariantGroup section */

/* Begin XCBuildConfiguration section */
		415EADD72B60C27F0065F4DB /* Debug */ = {
			isa = XCBuildConfiguration;
			buildSettings = {
				ALWAYS_SEARCH_USER_PATHS = NO;
				ASSETCATALOG_COMPILER_GENERATE_SWIFT_ASSET_SYMBOL_EXTENSIONS = YES;
				CLANG_ANALYZER_NONNULL = YES;
				CLANG_ANALYZER_NUMBER_OBJECT_CONVERSION = YES_AGGRESSIVE;
				CLANG_CXX_LANGUAGE_STANDARD = "gnu++20";
				CLANG_ENABLE_MODULES = YES;
				CLANG_ENABLE_OBJC_ARC = YES;
				CLANG_ENABLE_OBJC_WEAK = YES;
				CLANG_WARN_BLOCK_CAPTURE_AUTORELEASING = YES;
				CLANG_WARN_BOOL_CONVERSION = YES;
				CLANG_WARN_COMMA = YES;
				CLANG_WARN_CONSTANT_CONVERSION = YES;
				CLANG_WARN_DEPRECATED_OBJC_IMPLEMENTATIONS = YES;
				CLANG_WARN_DIRECT_OBJC_ISA_USAGE = YES_ERROR;
				CLANG_WARN_DOCUMENTATION_COMMENTS = YES;
				CLANG_WARN_EMPTY_BODY = YES;
				CLANG_WARN_ENUM_CONVERSION = YES;
				CLANG_WARN_INFINITE_RECURSION = YES;
				CLANG_WARN_INT_CONVERSION = YES;
				CLANG_WARN_NON_LITERAL_NULL_CONVERSION = YES;
				CLANG_WARN_OBJC_IMPLICIT_RETAIN_SELF = YES;
				CLANG_WARN_OBJC_LITERAL_CONVERSION = YES;
				CLANG_WARN_OBJC_ROOT_CLASS = YES_ERROR;
				CLANG_WARN_QUOTED_INCLUDE_IN_FRAMEWORK_HEADER = YES;
				CLANG_WARN_RANGE_LOOP_ANALYSIS = YES;
				CLANG_WARN_STRICT_PROTOTYPES = YES;
				CLANG_WARN_SUSPICIOUS_MOVE = YES;
				CLANG_WARN_UNGUARDED_AVAILABILITY = YES_AGGRESSIVE;
				CLANG_WARN_UNREACHABLE_CODE = YES;
				CLANG_WARN__DUPLICATE_METHOD_MATCH = YES;
				COPY_PHASE_STRIP = NO;
				DEBUG_INFORMATION_FORMAT = dwarf;
				ENABLE_STRICT_OBJC_MSGSEND = YES;
				ENABLE_TESTABILITY = YES;
				ENABLE_USER_SCRIPT_SANDBOXING = YES;
				GCC_C_LANGUAGE_STANDARD = gnu17;
				GCC_DYNAMIC_NO_PIC = NO;
				GCC_NO_COMMON_BLOCKS = YES;
				GCC_OPTIMIZATION_LEVEL = 0;
				GCC_PREPROCESSOR_DEFINITIONS = (
					"DEBUG=1",
					"$(inherited)",
				);
				GCC_WARN_64_TO_32_BIT_CONVERSION = YES;
				GCC_WARN_ABOUT_RETURN_TYPE = YES_ERROR;
				GCC_WARN_UNDECLARED_SELECTOR = YES;
				GCC_WARN_UNINITIALIZED_AUTOS = YES_AGGRESSIVE;
				GCC_WARN_UNUSED_FUNCTION = YES;
				GCC_WARN_UNUSED_VARIABLE = YES;
				IPHONEOS_DEPLOYMENT_TARGET = 17.2;
				LOCALIZATION_PREFERS_STRING_CATALOGS = YES;
				MTL_ENABLE_DEBUG_INFO = INCLUDE_SOURCE;
				MTL_FAST_MATH = YES;
				ONLY_ACTIVE_ARCH = YES;
				SDKROOT = iphoneos;
				SWIFT_ACTIVE_COMPILATION_CONDITIONS = "DEBUG $(inherited)";
				SWIFT_OPTIMIZATION_LEVEL = "-Onone";
			};
			name = Debug;
		};
		415EADD82B60C27F0065F4DB /* Release */ = {
			isa = XCBuildConfiguration;
			buildSettings = {
				ALWAYS_SEARCH_USER_PATHS = NO;
				ASSETCATALOG_COMPILER_GENERATE_SWIFT_ASSET_SYMBOL_EXTENSIONS = YES;
				CLANG_ANALYZER_NONNULL = YES;
				CLANG_ANALYZER_NUMBER_OBJECT_CONVERSION = YES_AGGRESSIVE;
				CLANG_CXX_LANGUAGE_STANDARD = "gnu++20";
				CLANG_ENABLE_MODULES = YES;
				CLANG_ENABLE_OBJC_ARC = YES;
				CLANG_ENABLE_OBJC_WEAK = YES;
				CLANG_WARN_BLOCK_CAPTURE_AUTORELEASING = YES;
				CLANG_WARN_BOOL_CONVERSION = YES;
				CLANG_WARN_COMMA = YES;
				CLANG_WARN_CONSTANT_CONVERSION = YES;
				CLANG_WARN_DEPRECATED_OBJC_IMPLEMENTATIONS = YES;
				CLANG_WARN_DIRECT_OBJC_ISA_USAGE = YES_ERROR;
				CLANG_WARN_DOCUMENTATION_COMMENTS = YES;
				CLANG_WARN_EMPTY_BODY = YES;
				CLANG_WARN_ENUM_CONVERSION = YES;
				CLANG_WARN_INFINITE_RECURSION = YES;
				CLANG_WARN_INT_CONVERSION = YES;
				CLANG_WARN_NON_LITERAL_NULL_CONVERSION = YES;
				CLANG_WARN_OBJC_IMPLICIT_RETAIN_SELF = YES;
				CLANG_WARN_OBJC_LITERAL_CONVERSION = YES;
				CLANG_WARN_OBJC_ROOT_CLASS = YES_ERROR;
				CLANG_WARN_QUOTED_INCLUDE_IN_FRAMEWORK_HEADER = YES;
				CLANG_WARN_RANGE_LOOP_ANALYSIS = YES;
				CLANG_WARN_STRICT_PROTOTYPES = YES;
				CLANG_WARN_SUSPICIOUS_MOVE = YES;
				CLANG_WARN_UNGUARDED_AVAILABILITY = YES_AGGRESSIVE;
				CLANG_WARN_UNREACHABLE_CODE = YES;
				CLANG_WARN__DUPLICATE_METHOD_MATCH = YES;
				COPY_PHASE_STRIP = NO;
				DEBUG_INFORMATION_FORMAT = "dwarf-with-dsym";
				ENABLE_NS_ASSERTIONS = NO;
				ENABLE_STRICT_OBJC_MSGSEND = YES;
				ENABLE_USER_SCRIPT_SANDBOXING = YES;
				GCC_C_LANGUAGE_STANDARD = gnu17;
				GCC_NO_COMMON_BLOCKS = YES;
				GCC_WARN_64_TO_32_BIT_CONVERSION = YES;
				GCC_WARN_ABOUT_RETURN_TYPE = YES_ERROR;
				GCC_WARN_UNDECLARED_SELECTOR = YES;
				GCC_WARN_UNINITIALIZED_AUTOS = YES_AGGRESSIVE;
				GCC_WARN_UNUSED_FUNCTION = YES;
				GCC_WARN_UNUSED_VARIABLE = YES;
				IPHONEOS_DEPLOYMENT_TARGET = 17.2;
				LOCALIZATION_PREFERS_STRING_CATALOGS = YES;
				MTL_ENABLE_DEBUG_INFO = NO;
				MTL_FAST_MATH = YES;
				SDKROOT = iphoneos;
				SWIFT_COMPILATION_MODE = wholemodule;
				VALIDATE_PRODUCT = YES;
			};
			name = Release;
		};
		415EADDA2B60C27F0065F4DB /* Debug */ = {
			isa = XCBuildConfiguration;
			buildSettings = {
				ASSETCATALOG_COMPILER_APPICON_NAME = AppIcon;
				ASSETCATALOG_COMPILER_GLOBAL_ACCENT_COLOR_NAME = AccentColor;
				CODE_SIGN_STYLE = Automatic;
				CURRENT_PROJECT_VERSION = 1;
				DEVELOPMENT_TEAM = ZRAZZ9X24U;
				GENERATE_INFOPLIST_FILE = YES;
				INFOPLIST_FILE = SRMHotel/Info.plist;
				INFOPLIST_KEY_UIApplicationSupportsIndirectInputEvents = YES;
				INFOPLIST_KEY_UILaunchStoryboardName = LaunchScreen;
				INFOPLIST_KEY_UIMainStoryboardFile = Main;
				INFOPLIST_KEY_UISupportedInterfaceOrientations_iPad = "UIInterfaceOrientationPortrait UIInterfaceOrientationPortraitUpsideDown UIInterfaceOrientationLandscapeLeft UIInterfaceOrientationLandscapeRight";
				INFOPLIST_KEY_UISupportedInterfaceOrientations_iPhone = "UIInterfaceOrientationPortrait UIInterfaceOrientationLandscapeLeft UIInterfaceOrientationLandscapeRight";
				LD_RUNPATH_SEARCH_PATHS = (
					"$(inherited)",
					"@executable_path/Frameworks",
				);
				MARKETING_VERSION = 1.0;
				PRODUCT_BUNDLE_IDENTIFIER = srmist.edu.in.SRMHotel;
				PRODUCT_NAME = "$(TARGET_NAME)";
				SWIFT_EMIT_LOC_STRINGS = YES;
				SWIFT_VERSION = 5.0;
				TARGETED_DEVICE_FAMILY = "1,2";
			};
			name = Debug;
		};
		415EADDB2B60C27F0065F4DB /* Release */ = {
			isa = XCBuildConfiguration;
			buildSettings = {
				ASSETCATALOG_COMPILER_APPICON_NAME = AppIcon;
				ASSETCATALOG_COMPILER_GLOBAL_ACCENT_COLOR_NAME = AccentColor;
				CODE_SIGN_STYLE = Automatic;
				CURRENT_PROJECT_VERSION = 1;
				DEVELOPMENT_TEAM = ZRAZZ9X24U;
				GENERATE_INFOPLIST_FILE = YES;
				INFOPLIST_FILE = SRMHotel/Info.plist;
				INFOPLIST_KEY_UIApplicationSupportsIndirectInputEvents = YES;
				INFOPLIST_KEY_UILaunchStoryboardName = LaunchScreen;
				INFOPLIST_KEY_UIMainStoryboardFile = Main;
				INFOPLIST_KEY_UISupportedInterfaceOrientations_iPad = "UIInterfaceOrientationPortrait UIInterfaceOrientationPortraitUpsideDown UIInterfaceOrientationLandscapeLeft UIInterfaceOrientationLandscapeRight";
				INFOPLIST_KEY_UISupportedInterfaceOrientations_iPhone = "UIInterfaceOrientationPortrait UIInterfaceOrientationLandscapeLeft UIInterfaceOrientationLandscapeRight";
				LD_RUNPATH_SEARCH_PATHS = (
					"$(inherited)",
					"@executable_path/Frameworks",
				);
				MARKETING_VERSION = 1.0;
				PRODUCT_BUNDLE_IDENTIFIER = srmist.edu.in.SRMHotel;
				PRODUCT_NAME = "$(TARGET_NAME)";
				SWIFT_EMIT_LOC_STRINGS = YES;
				SWIFT_VERSION = 5.0;
				TARGETED_DEVICE_FAMILY = "1,2";
			};
			name = Release;
		};
/* End XCBuildConfiguration section */

/* Begin XCConfigurationList section */
		415EADC02B60C27B0065F4DB /* Build configuration list for PBXProject "SRMHotel" */ = {
			isa = XCConfigurationList;
			buildConfigurations = (
				415EADD72B60C27F0065F4DB /* Debug */,
				415EADD82B60C27F0065F4DB /* Release */,
			);
			defaultConfigurationIsVisible = 0;
			defaultConfigurationName = Release;
		};
		415EADD92B60C27F0065F4DB /* Build configuration list for PBXNativeTarget "SRMHotel" */ = {
			isa = XCConfigurationList;
			buildConfigurations = (
				415EADDA2B60C27F0065F4DB /* Debug */,
				415EADDB2B60C27F0065F4DB /* Release */,
			);
			defaultConfigurationIsVisible = 0;
			defaultConfigurationName = Release;
		};
/* End XCConfigurationList section */
	};
	rootObject = 415EADBD2B60C27B0065F4DB /* Project object */;
}
